
Microsoft Visual Studio Solution File, Format Version 12.00
# Visual Studio Version 17
VisualStudioVersion = 17.0.31612.314
MinimumVisualStudioVersion = 10.0.40219.1
Project("{9A19103F-16F7-4668-BE54-9A1E7A4F7556}") = "shelterbooking.Server", "shelterbooking\Server\shelterbooking.Server.csproj", "{FE57BBD1-8099-4428-BD9A-70EE3BC4D005}"
EndProject
Project("{9A19103F-16F7-4668-BE54-9A1E7A4F7556}") = "shelterbooking.Client", "shelterbooking\Client\shelterbooking.Client.csproj", "{4F1327BA-625A-4F7A-B7E4-620BF1CB2711}"
EndProject
Project("{9A19103F-16F7-4668-BE54-9A1E7A4F7556}") = "shelterbooking.Shared", "shelterbooking\Shared\shelterbooking.Shared.csproj", "{7585990D-0458-46C9-95F6-990784AC8F64}"
EndProject
Global
	GlobalSection(SolutionConfigurationPlatforms) = preSolution
		Debug|Any CPU = Debug|Any CPU
		Release|Any CPU = Release|Any CPU
	EndGlobalSection
	GlobalSection(ProjectConfigurationPlatforms) = postSolution
		{FE57BBD1-8099-4428-BD9A-70EE3BC4D005}.Debug|Any CPU.ActiveCfg = Debug|Any CPU
		{FE57BBD1-8099-4428-BD9A-70EE3BC4D005}.Debug|Any CPU.Build.0 = Debug|Any CPU
		{FE57BBD1-8099-4428-BD9A-70EE3BC4D005}.Release|Any CPU.ActiveCfg = Release|Any CPU
		{FE57BBD1-8099-4428-BD9A-70EE3BC4D005}.Release|Any CPU.Build.0 = Release|Any CPU
		{4F1327BA-625A-4F7A-B7E4-620BF1CB2711}.Debug|Any CPU.ActiveCfg = Debug|Any CPU
		{4F1327BA-625A-4F7A-B7E4-620BF1CB2711}.Debug|Any CPU.Build.0 = Debug|Any CPU
		{4F1327BA-625A-4F7A-B7E4-620BF1CB2711}.Release|Any CPU.ActiveCfg = Release|Any CPU
		{4F1327BA-625A-4F7A-B7E4-620BF1CB2711}.Release|Any CPU.Build.0 = Release|Any CPU
		{7585990D-0458-46C9-95F6-990784AC8F64}.Debug|Any CPU.ActiveCfg = Debug|Any CPU
		{7585990D-0458-46C9-95F6-990784AC8F64}.Debug|Any CPU.Build.0 = Debug|Any CPU
		{7585990D-0458-46C9-95F6-990784AC8F64}.Release|Any CPU.ActiveCfg = Release|Any CPU
		{7585990D-0458-46C9-95F6-990784AC8F64}.Release|Any CPU.Build.0 = Release|Any CPU
	EndGlobalSection
	GlobalSection(SolutionProperties) = preSolution
		HideSolutionNode = FALSE
	EndGlobalSection
	GlobalSection(ExtensibilityGlobals) = postSolution
		SolutionGuid = {38C28AC4-53CF-47E8-9A71-F18181B65746}
	EndGlobalSection
EndGlobal
